# This file is autogenerated, do not edit; changes may be undone by the next 'dep ensure'.


[[projects]]
  name = "github.com/cpuguy83/go-md2man"
  packages = ["md2man"]
  revision = "20f5889cbdc3c73dbd2862796665e7c465ade7d1"
  version = "v1.0.8"

[[projects]]
  name = "github.com/docker/docker"
  packages = ["builder/dockerfile/command"]
  revision = "092cba3727bb9b4a2f0e922cd6c0f93ea270e363"
  version = "v1.13.1"

[[projects]]
  branch = "docker-1.14.0"
  name = "github.com/projectatomic/docker"
  packages = ["builder/dockerfile/parser"]
  revision = "f8a40477960976f12dbbb72e5b133b5b0f05f9b3"

[[projects]]
  name = "github.com/russross/blackfriday"
  packages = ["."]
  revision = "55d61fa8aa702f59229e6cff85793c22e580eaf5"
  version = "v1.5.1"

[solve-meta]
  analyzer-name = "dep"
  analyzer-version = 1
  inputs-digest = "ec783b5e965e5e7f6e5ee776dbcd32d6cf40fbf09a0128f8ad973d47f144f662"
  solver-name = "gps-cdcl"
  solver-version = 1
